
Microsoft Visual Studio Solution File, Format Version 12.00
# Visual Studio Version 17
VisualStudioVersion = 17.1.32328.378
MinimumVisualStudioVersion = 10.0.40219.1
Project("{FAE04EC0-301F-11D3-BF4B-00C04F79EFBC}") = "ThreadAsyncDirectoryFile", "ThreadAsyncDirectoryFile\ThreadAsyncDirectoryFile.csproj", "{C618DD99-B31F-408E-A586-5CEC5AF66BEC}"
EndProject
Global
	GlobalSection(SolutionConfigurationPlatforms) = preSolution
		Debug|Any CPU = Debug|Any CPU
		Release|Any CPU = Release|Any CPU
	EndGlobalSection
	GlobalSection(ProjectConfigurationPlatforms) = postSolution
		{C618DD99-B31F-408E-A586-5CEC5AF66BEC}.Debug|Any CPU.ActiveCfg = Debug|Any CPU
		{C618DD99-B31F-408E-A586-5CEC5AF66BEC}.Debug|Any CPU.Build.0 = Debug|Any CPU
		{C618DD99-B31F-408E-A586-5CEC5AF66BEC}.Release|Any CPU.ActiveCfg = Release|Any CPU
		{C618DD99-B31F-408E-A586-5CEC5AF66BEC}.Release|Any CPU.Build.0 = Release|Any CPU
	EndGlobalSection
	GlobalSection(SolutionProperties) = preSolution
		HideSolutionNode = FALSE
	EndGlobalSection
	GlobalSection(ExtensibilityGlobals) = postSolution
		SolutionGuid = {E433EEA7-70C6-4F60-879F-97A2CCB3F06C}
	EndGlobalSection
EndGlobal
